
Microsoft Visual Studio Solution File, Format Version 12.00
# Visual Studio Version 16
VisualStudioVersion = 16.0.30717.126
MinimumVisualStudioVersion = 10.0.40219.1
Project("{FAE04EC0-301F-11D3-BF4B-00C04F79EFBC}") = "AdjaceneyMatrix", "AdjaceneyMatrix\AdjaceneyMatrix.csproj", "{8AA20EEC-45A9-40CE-BF63-C5F2A996849E}"
EndProject
Project("{FAE04EC0-301F-11D3-BF4B-00C04F79EFBC}") = "WeightedGraph", "WeightedGraph\WeightedGraph.csproj", "{5CD88CE9-8530-45D5-A0D6-FB11ADF49ACC}"
EndProject
Global
	GlobalSection(SolutionConfigurationPlatforms) = preSolution
		Debug|Any CPU = Debug|Any CPU
		Release|Any CPU = Release|Any CPU
	EndGlobalSection
	GlobalSection(ProjectConfigurationPlatforms) = postSolution
		{8AA20EEC-45A9-40CE-BF63-C5F2A996849E}.Debug|Any CPU.ActiveCfg = Debug|Any CPU
		{8AA20EEC-45A9-40CE-BF63-C5F2A996849E}.Debug|Any CPU.Build.0 = Debug|Any CPU
		{8AA20EEC-45A9-40CE-BF63-C5F2A996849E}.Release|Any CPU.ActiveCfg = Release|Any CPU
		{8AA20EEC-45A9-40CE-BF63-C5F2A996849E}.Release|Any CPU.Build.0 = Release|Any CPU
		{5CD88CE9-8530-45D5-A0D6-FB11ADF49ACC}.Debug|Any CPU.ActiveCfg = Debug|Any CPU
		{5CD88CE9-8530-45D5-A0D6-FB11ADF49ACC}.Debug|Any CPU.Build.0 = Debug|Any CPU
		{5CD88CE9-8530-45D5-A0D6-FB11ADF49ACC}.Release|Any CPU.ActiveCfg = Release|Any CPU
		{5CD88CE9-8530-45D5-A0D6-FB11ADF49ACC}.Release|Any CPU.Build.0 = Release|Any CPU
	EndGlobalSection
	GlobalSection(SolutionProperties) = preSolution
		HideSolutionNode = FALSE
	EndGlobalSection
	GlobalSection(ExtensibilityGlobals) = postSolution
		SolutionGuid = {B9FBCCB2-168E-4BEB-86D4-AA34FEE6BDF9}
	EndGlobalSection
EndGlobal
